
Microsoft Visual Studio Solution File, Format Version 12.00
# Visual Studio Version 16
VisualStudioVersion = 16.0.31105.61
MinimumVisualStudioVersion = 10.0.40219.1
Project("{FAE04EC0-301F-11D3-BF4B-00C04F79EFBC}") = "Tubes-2-Stima-youvegotafriendinme", "Tubes-2-Stima-youvegotafriendinme\Tubes-2-Stima-youvegotafriendinme.csproj", "{07B12D4F-49FF-46B7-935B-029E90F79D4D}"
EndProject
Global
	GlobalSection(SolutionConfigurationPlatforms) = preSolution
		Debug|Any CPU = Debug|Any CPU
		Release|Any CPU = Release|Any CPU
	EndGlobalSection
	GlobalSection(ProjectConfigurationPlatforms) = postSolution
		{07B12D4F-49FF-46B7-935B-029E90F79D4D}.Debug|Any CPU.ActiveCfg = Debug|Any CPU
		{07B12D4F-49FF-46B7-935B-029E90F79D4D}.Debug|Any CPU.Build.0 = Debug|Any CPU
		{07B12D4F-49FF-46B7-935B-029E90F79D4D}.Release|Any CPU.ActiveCfg = Release|Any CPU
		{07B12D4F-49FF-46B7-935B-029E90F79D4D}.Release|Any CPU.Build.0 = Release|Any CPU
	EndGlobalSection
	GlobalSection(SolutionProperties) = preSolution
		HideSolutionNode = FALSE
	EndGlobalSection
	GlobalSection(ExtensibilityGlobals) = postSolution
		SolutionGuid = {322DECFC-AA3D-4197-AEBF-A77847D54170}
	EndGlobalSection
EndGlobal
